
Microsoft Visual Studio Solution File, Format Version 12.00
Project("{FAE04EC0-301F-11D3-BF4B-00C04F79EFBC}") = "ProjektC1", "ProjektC1\ProjektC1.csproj", "{CE456DE4-94E8-4F6E-8F90-224443842535}"
EndProject
Global
	GlobalSection(SolutionConfigurationPlatforms) = preSolution
		Debug|Any CPU = Debug|Any CPU
		Release|Any CPU = Release|Any CPU
	EndGlobalSection
	GlobalSection(ProjectConfigurationPlatforms) = postSolution
		{CE456DE4-94E8-4F6E-8F90-224443842535}.Debug|Any CPU.ActiveCfg = Debug|Any CPU
		{CE456DE4-94E8-4F6E-8F90-224443842535}.Debug|Any CPU.Build.0 = Debug|Any CPU
		{CE456DE4-94E8-4F6E-8F90-224443842535}.Release|Any CPU.ActiveCfg = Release|Any CPU
		{CE456DE4-94E8-4F6E-8F90-224443842535}.Release|Any CPU.Build.0 = Release|Any CPU
	EndGlobalSection
EndGlobal
